
Microsoft Visual Studio Solution File, Format Version 12.00
Project("{FAE04EC0-301F-11D3-BF4B-00C04F79EFBC}") = "Domain", "Domain\Domain.csproj", "{CDDDA4C3-938D-4358-9A5E-813E1D6361FF}"
EndProject
Global
	GlobalSection(SolutionConfigurationPlatforms) = preSolution
		Debug|Any CPU = Debug|Any CPU
		Release|Any CPU = Release|Any CPU
	EndGlobalSection
	GlobalSection(ProjectConfigurationPlatforms) = postSolution
		{CDDDA4C3-938D-4358-9A5E-813E1D6361FF}.Debug|Any CPU.ActiveCfg = Debug|Any CPU
		{CDDDA4C3-938D-4358-9A5E-813E1D6361FF}.Debug|Any CPU.Build.0 = Debug|Any CPU
		{CDDDA4C3-938D-4358-9A5E-813E1D6361FF}.Release|Any CPU.ActiveCfg = Release|Any CPU
		{CDDDA4C3-938D-4358-9A5E-813E1D6361FF}.Release|Any CPU.Build.0 = Release|Any CPU
	EndGlobalSection
EndGlobal
